// !$*UTF8*$!
{
	archiveVersion = 1;
	classes = {
	};
	objectVersion = 77;
	objects = {

/* Begin PBXBuildFile section */
		AD4082F6DF06482AAF6F1D76 /* AIPulseShared in Frameworks */ = {isa = PBXBuildFile; productRef = 1EE7FF464FB6468B8969F3C6 /* AIPulseShared */; };
		C096E2EF300E5D3D004D0062 /* AIPulse_watchOS.app in CopyFiles */ = {isa = PBXBuildFile; fileRef = C0D7703030090F0600BC1E54 /* AIPulse_watchOS.app */; settings = {ATTRIBUTES = (RemoveHeadersOnCopy, ); }; };
		C096EA863014F1C5004D0062 /* WidgetKit.framework in Frameworks */ = {isa = PBXBuildFile; fileRef = C096EA853014F1C5004D0062 /* WidgetKit.framework */; };
		C096EA883014F1C5004D0062 /* SwiftUI.framework in Frameworks */ = {isa = PBXBuildFile; fileRef = C096EA873014F1C5004D0062 /* SwiftUI.framework */; };
		C096EA993014F1C7004D0062 /* AIPulseWidgetExtension.appex in Embed Foundation Extensions */ = {isa = PBXBuildFile; fileRef = C096EA843014F1C5004D0062 /* AIPulseWidgetExtension.appex */; settings = {ATTRIBUTES = (RemoveHeadersOnCopy, ); }; };
		C096F525301CAC1D004D0062 /* Localizable.xcstrings in Resources */ = {isa = PBXBuildFile; fileRef = C096F524301CAC1D004D0062 /* Localizable.xcstrings */; };
		C096F526301CAC1D004D0062 /* Localizable.xcstrings in Resources */ = {isa = PBXBuildFile; fileRef = C096F524301CAC1D004D0062 /* Localizable.xcstrings */; };
		C096F527301CAC1D004D0062 /* Localizable.xcstrings in Resources */ = {isa = PBXBuildFile; fileRef = C096F524301CAC1D004D0062 /* Localizable.xcstrings */; };
		CE2D79B34B28423D9734A713 /* AIPulseShared in Frameworks */ = {isa = PBXBuildFile; productRef = 6B4AC1157397447497F084ED /* AIPulseShared */; };
		E0EB9D6835BE46DB830B8074 /* AIPulseShared in Frameworks */ = {isa = PBXBuildFile; productRef = A22C196E89294272AAC893E2 /* AIPulseShared */; };
/* End PBXBuildFile section */

/* Begin PBXContainerItemProxy section */
		C05F66ED300E50C300D40121 /* PBXContainerItemProxy */ = {
			isa = PBXContainerItemProxy;
			containerPortal = C0D7701330090D2E00BC1E54 /* Project object */;
			proxyType = 1;
			remoteGlobalIDString = C0D7702930090F0600BC1E54;
			remoteInfo = AIPulse_watchOS;
		};
		C096EA973014F1C7004D0062 /* PBXContainerItemProxy */ = {
			isa = PBXContainerItemProxy;
			containerPortal = C0D7701330090D2E00BC1E54 /* Project object */;
			proxyType = 1;
			remoteGlobalIDString = C096EA833014F1C5004D0062;
			remoteInfo = AIPulseWidgetExtension;
		};
/* End PBXContainerItemProxy section */

/* Begin PBXCopyFilesBuildPhase section */
		C096E2EE300E5D05004D0062 /* CopyFiles */ = {
			isa = PBXCopyFilesBuildPhase;
			buildActionMask = 2147483647;
			dstPath = Watch;
			dstSubfolderSpec = 1;
			files = (
				C096E2EF300E5D3D004D0062 /* AIPulse_watchOS.app in CopyFiles */,
			);
			runOnlyForDeploymentPostprocessing = 0;
		};
		C096EA9A3014F1C7004D0062 /* Embed Foundation Extensions */ = {
			isa = PBXCopyFilesBuildPhase;
			buildActionMask = 2147483647;
			dstPath = "";
			dstSubfolderSpec = 13;
			files = (
				C096EA993014F1C7004D0062 /* AIPulseWidgetExtension.appex in Embed Foundation Extensions */,
			);
			name = "Embed Foundation Extensions";
			runOnlyForDeploymentPostprocessing = 0;
		};
/* End PBXCopyFilesBuildPhase section */

/* Begin PBXFileReference section */
		C05A700830091E2A00B99D6F /* AIPulse_iOS.entitlements */ = {isa = PBXFileReference; lastKnownFileType = text.plist.entitlements; path = AIPulse_iOS.entitlements; sourceTree = "<group>"; };
		C05A700E300925D200B99D6F /* AIPulse_watchOS.entitlements */ = {isa = PBXFileReference; lastKnownFileType = text.plist.entitlements; path = AIPulse_watchOS.entitlements; sourceTree = "<group>"; };
		C05A703C300A545F00B99D6F /* Assets.xcassets */ = {isa = PBXFileReference; lastKnownFileType = folder.assetcatalog; name = Assets.xcassets; path = iOS/Assets.xcassets; sourceTree = "<group>"; };
		C096EA843014F1C5004D0062 /* AIPulseWidgetExtension.appex */ = {isa = PBXFileReference; explicitFileType = "wrapper.app-extension"; includeInIndex = 0; path = AIPulseWidgetExtension.appex; sourceTree = BUILT_PRODUCTS_DIR; };
		C096EA853014F1C5004D0062 /* WidgetKit.framework */ = {isa = PBXFileReference; lastKnownFileType = wrapper.framework; name = WidgetKit.framework; path = System/Library/Frameworks/WidgetKit.framework; sourceTree = SDKROOT; };
		C096EA873014F1C5004D0062 /* SwiftUI.framework */ = {isa = PBXFileReference; lastKnownFileType = wrapper.framework; name = SwiftUI.framework; path = System/Library/Frameworks/SwiftUI.framework; sourceTree = SDKROOT; };
		C096EAA53014F331004D0062 /* AIPulseWidgetExtension.entitlements */ = {isa = PBXFileReference; lastKnownFileType = text.plist.entitlements; path = AIPulseWidgetExtension.entitlements; sourceTree = "<group>"; };
		C096F524301CAC1D004D0062 /* Localizable.xcstrings */ = {isa = PBXFileReference; lastKnownFileType = text.json.xcstrings; name = Localizable.xcstrings; path = ../Sources/Localizable.xcstrings; sourceTree = SOURCE_ROOT; };
		C0D7701B30090D2E00BC1E54 /* AIPulse_iOS.app */ = {isa = PBXFileReference; explicitFileType = wrapper.application; includeInIndex = 0; path = AIPulse_iOS.app; sourceTree = BUILT_PRODUCTS_DIR; };
		C0D7703030090F0600BC1E54 /* AIPulse_watchOS.app */ = {isa = PBXFileReference; explicitFileType = wrapper.application; includeInIndex = 0; path = AIPulse_watchOS.app; sourceTree = BUILT_PRODUCTS_DIR; };
/* End PBXFileReference section */

/* Begin PBXFileSystemSynchronizedBuildFileExceptionSet section */
		C05A70323009E35100B99D6F /* Exceptions for "iOS" folder in "AIPulse_iOS" target */ = {
			isa = PBXFileSystemSynchronizedBuildFileExceptionSet;
			membershipExceptions = (
				Info.plist,
			);
			target = C0D7701A30090D2E00BC1E54 /* AIPulse_iOS */;
		};
		C05A70333009E35D00B99D6F /* Exceptions for "watchOS" folder in "AIPulse_watchOS" target */ = {
			isa = PBXFileSystemSynchronizedBuildFileExceptionSet;
			membershipExceptions = (
				Info.plist,
			);
			target = C0D7702930090F0600BC1E54 /* AIPulse_watchOS */;
		};
		C096EA9E3014F1C7004D0062 /* Exceptions for "AIPulseWidget" folder in "AIPulseWidgetExtension" target */ = {
			isa = PBXFileSystemSynchronizedBuildFileExceptionSet;
			membershipExceptions = (
				Info.plist,
			);
			target = C096EA833014F1C5004D0062 /* AIPulseWidgetExtension */;
		};
/* End PBXFileSystemSynchronizedBuildFileExceptionSet section */

/* Begin PBXFileSystemSynchronizedRootGroup section */
		C05A70163009E26B00B99D6F /* Shared */ = {
			isa = PBXFileSystemSynchronizedRootGroup;
			path = Shared;
			sourceTree = "<group>";
		};
		C05A70223009E27D00B99D6F /* watchOS */ = {
			isa = PBXFileSystemSynchronizedRootGroup;
			exceptions = (
				C05A70333009E35D00B99D6F /* Exceptions for "watchOS" folder in "AIPulse_watchOS" target */,
			);
			path = watchOS;
			sourceTree = "<group>";
		};
		C05A702C3009E28800B99D6F /* iOS */ = {
			isa = PBXFileSystemSynchronizedRootGroup;
			exceptions = (
				C05A70323009E35100B99D6F /* Exceptions for "iOS" folder in "AIPulse_iOS" target */,
			);
			path = iOS;
			sourceTree = "<group>";
		};
		C096EA893014F1C5004D0062 /* AIPulseWidget */ = {
			isa = PBXFileSystemSynchronizedRootGroup;
			exceptions = (
				C096EA9E3014F1C7004D0062 /* Exceptions for "AIPulseWidget" folder in "AIPulseWidgetExtension" target */,
			);
			path = AIPulseWidget;
			sourceTree = "<group>";
		};
/* End PBXFileSystemSynchronizedRootGroup section */

/* Begin PBXFrameworksBuildPhase section */
		C096EA813014F1C5004D0062 /* Frameworks */ = {
			isa = PBXFrameworksBuildPhase;
			buildActionMask = 2147483647;
			files = (
				C096EA883014F1C5004D0062 /* SwiftUI.framework in Frameworks */,
				C096EA863014F1C5004D0062 /* WidgetKit.framework in Frameworks */,
				AD4082F6DF06482AAF6F1D76 /* AIPulseShared in Frameworks */,
			);
			runOnlyForDeploymentPostprocessing = 0;
		};
		C0D7701830090D2E00BC1E54 /* Frameworks */ = {
			isa = PBXFrameworksBuildPhase;
			buildActionMask = 2147483647;
			files = (
				CE2D79B34B28423D9734A713 /* AIPulseShared in Frameworks */,
			);
			runOnlyForDeploymentPostprocessing = 0;
		};
		C0D7702B30090F0600BC1E54 /* Frameworks */ = {
			isa = PBXFrameworksBuildPhase;
			buildActionMask = 2147483647;
			files = (
				E0EB9D6835BE46DB830B8074 /* AIPulseShared in Frameworks */,
			);
			runOnlyForDeploymentPostprocessing = 0;
		};
/* End PBXFrameworksBuildPhase section */

/* Begin PBXGroup section */
		C05F66EB300E50C300D40121 /* Frameworks */ = {
			isa = PBXGroup;
			children = (
				C096EA853014F1C5004D0062 /* WidgetKit.framework */,
				C096EA873014F1C5004D0062 /* SwiftUI.framework */,
			);
			name = Frameworks;
			sourceTree = "<group>";
		};
		C0D7701230090D2E00BC1E54 = {
			isa = PBXGroup;
			children = (
				C096F524301CAC1D004D0062 /* Localizable.xcstrings */,
				C096EAA53014F331004D0062 /* AIPulseWidgetExtension.entitlements */,
				C05A703C300A545F00B99D6F /* Assets.xcassets */,
				C05A702C3009E28800B99D6F /* iOS */,
				C05A70223009E27D00B99D6F /* watchOS */,
				C05A70163009E26B00B99D6F /* Shared */,
				C05A700E300925D200B99D6F /* AIPulse_watchOS.entitlements */,
				C05A700830091E2A00B99D6F /* AIPulse_iOS.entitlements */,
				C096EA893014F1C5004D0062 /* AIPulseWidget */,
				C05F66EB300E50C300D40121 /* Frameworks */,
				C0D7701C30090D2E00BC1E54 /* Products */,
			);
			sourceTree = "<group>";
		};
		C0D7701C30090D2E00BC1E54 /* Products */ = {
			isa = PBXGroup;
			children = (
				C0D7701B30090D2E00BC1E54 /* AIPulse_iOS.app */,
				C0D7703030090F0600BC1E54 /* AIPulse_watchOS.app */,
				C096EA843014F1C5004D0062 /* AIPulseWidgetExtension.appex */,
			);
			name = Products;
			sourceTree = "<group>";
		};
/* End PBXGroup section */

/* Begin PBXNativeTarget section */
		C096EA833014F1C5004D0062 /* AIPulseWidgetExtension */ = {
			isa = PBXNativeTarget;
			buildConfigurationList = C096EA9D3014F1C7004D0062 /* Build configuration list for PBXNativeTarget "AIPulseWidgetExtension" */;
			buildPhases = (
				C096EA803014F1C5004D0062 /* Sources */,
				C096EA813014F1C5004D0062 /* Frameworks */,
				C096EA823014F1C5004D0062 /* Resources */,
			);
			buildRules = (
			);
			dependencies = (
			);
			fileSystemSynchronizedGroups = (
				C05A70163009E26B00B99D6F /* Shared */,
				C096EA893014F1C5004D0062 /* AIPulseWidget */,
			);
			name = AIPulseWidgetExtension;
			packageProductDependencies = (
				1EE7FF464FB6468B8969F3C6 /* AIPulseShared */,
			);
			productName = AIPulseWidgetExtension;
			productReference = C096EA843014F1C5004D0062 /* AIPulseWidgetExtension.appex */;
			productType = "com.apple.product-type.app-extension";
		};
		C0D7701A30090D2E00BC1E54 /* AIPulse_iOS */ = {
			isa = PBXNativeTarget;
			buildConfigurationList = C0D7702630090D3000BC1E54 /* Build configuration list for PBXNativeTarget "AIPulse_iOS" */;
			buildPhases = (
				C0D7701730090D2E00BC1E54 /* Sources */,
				C0D7701830090D2E00BC1E54 /* Frameworks */,
				C0D7701930090D2E00BC1E54 /* Resources */,
				C096E2EE300E5D05004D0062 /* CopyFiles */,
				C096EA9A3014F1C7004D0062 /* Embed Foundation Extensions */,
			);
			buildRules = (
			);
			dependencies = (
				C05F66EE300E50C300D40121 /* PBXTargetDependency */,
				C096EA983014F1C7004D0062 /* PBXTargetDependency */,
			);
			fileSystemSynchronizedGroups = (
				C05A70163009E26B00B99D6F /* Shared */,
				C05A702C3009E28800B99D6F /* iOS */,
			);
			name = AIPulse_iOS;
			packageProductDependencies = (
				6B4AC1157397447497F084ED /* AIPulseShared */,
			);
			productName = AIPulse_Suites;
			productReference = C0D7701B30090D2E00BC1E54 /* AIPulse_iOS.app */;
			productType = "com.apple.product-type.application";
		};
		C0D7702930090F0600BC1E54 /* AIPulse_watchOS */ = {
			isa = PBXNativeTarget;
			buildConfigurationList = C0D7702D30090F0600BC1E54 /* Build configuration list for PBXNativeTarget "AIPulse_watchOS" */;
			buildPhases = (
				C0D7702A30090F0600BC1E54 /* Sources */,
				C0D7702B30090F0600BC1E54 /* Frameworks */,
				C0D7702C30090F0600BC1E54 /* Resources */,
			);
			buildRules = (
			);
			dependencies = (
			);
			fileSystemSynchronizedGroups = (
				C05A70163009E26B00B99D6F /* Shared */,
				C05A70223009E27D00B99D6F /* watchOS */,
			);
			name = AIPulse_watchOS;
			packageProductDependencies = (
				A22C196E89294272AAC893E2 /* AIPulseShared */,
			);
			productName = AIPulse_Suites;
			productReference = C0D7703030090F0600BC1E54 /* AIPulse_watchOS.app */;
			productType = "com.apple.product-type.application";
		};
/* End PBXNativeTarget section */

/* Begin PBXProject section */
		C0D7701330090D2E00BC1E54 /* Project object */ = {
			isa = PBXProject;
			attributes = {
				BuildIndependentTargetsInParallel = 1;
				LastSwiftUpdateCheck = 2660;
				LastUpgradeCheck = 2660;
				TargetAttributes = {
					C096EA833014F1C5004D0062 = {
						CreatedOnToolsVersion = 26.6;
					};
					C0D7701A30090D2E00BC1E54 = {
						CreatedOnToolsVersion = 26.6;
					};
				};
			};
			buildConfigurationList = C0D7701630090D2E00BC1E54 /* Build configuration list for PBXProject "AIPulse_Suites" */;
			developmentRegion = en;
			hasScannedForEncodings = 0;
			knownRegions = (
				en,
				Base,
			);
			mainGroup = C0D7701230090D2E00BC1E54;
			minimizedProjectReferenceProxies = 1;
			packageReferences = (
				B94C6D5C79AE479F859E0221 /* XCLocalSwiftPackageReference "../Packages/AIPulseShared" */,
			);
			preferredProjectObjectVersion = 77;
			productRefGroup = C0D7701C30090D2E00BC1E54 /* Products */;
			projectDirPath = "";
			projectRoot = "";
			targets = (
				C0D7701A30090D2E00BC1E54 /* AIPulse_iOS */,
				C0D7702930090F0600BC1E54 /* AIPulse_watchOS */,
				C096EA833014F1C5004D0062 /* AIPulseWidgetExtension */,
			);
		};
/* End PBXProject section */

/* Begin PBXResourcesBuildPhase section */
		C096EA823014F1C5004D0062 /* Resources */ = {
			isa = PBXResourcesBuildPhase;
			buildActionMask = 2147483647;
			files = (
				C096F525301CAC1D004D0062 /* Localizable.xcstrings in Resources */,
			);
			runOnlyForDeploymentPostprocessing = 0;
		};
		C0D7701930090D2E00BC1E54 /* Resources */ = {
			isa = PBXResourcesBuildPhase;
			buildActionMask = 2147483647;
			files = (
				C096F527301CAC1D004D0062 /* Localizable.xcstrings in Resources */,
			);
			runOnlyForDeploymentPostprocessing = 0;
		};
		C0D7702C30090F0600BC1E54 /* Resources */ = {
			isa = PBXResourcesBuildPhase;
			buildActionMask = 2147483647;
			files = (
				C096F526301CAC1D004D0062 /* Localizable.xcstrings in Resources */,
			);
			runOnlyForDeploymentPostprocessing = 0;
		};
/* End PBXResourcesBuildPhase section */

/* Begin PBXSourcesBuildPhase section */
		C096EA803014F1C5004D0062 /* Sources */ = {
			isa = PBXSourcesBuildPhase;
			buildActionMask = 2147483647;
			files = (
			);
			runOnlyForDeploymentPostprocessing = 0;
		};
		C0D7701730090D2E00BC1E54 /* Sources */ = {
			isa = PBXSourcesBuildPhase;
			buildActionMask = 2147483647;
			files = (
			);
			runOnlyForDeploymentPostprocessing = 0;
		};
		C0D7702A30090F0600BC1E54 /* Sources */ = {
			isa = PBXSourcesBuildPhase;
			buildActionMask = 2147483647;
			files = (
			);
			runOnlyForDeploymentPostprocessing = 0;
		};
/* End PBXSourcesBuildPhase section */

/* Begin PBXTargetDependency section */
		C05F66EE300E50C300D40121 /* PBXTargetDependency */ = {
			isa = PBXTargetDependency;
			target = C0D7702930090F0600BC1E54 /* AIPulse_watchOS */;
			targetProxy = C05F66ED300E50C300D40121 /* PBXContainerItemProxy */;
		};
		C096EA983014F1C7004D0062 /* PBXTargetDependency */ = {
			isa = PBXTargetDependency;
			target = C096EA833014F1C5004D0062 /* AIPulseWidgetExtension */;
			targetProxy = C096EA973014F1C7004D0062 /* PBXContainerItemProxy */;
		};
/* End PBXTargetDependency section */

/* Begin XCBuildConfiguration section */
		C096EA9B3014F1C7004D0062 /* Debug */ = {
			isa = XCBuildConfiguration;
			buildSettings = {
				ASSETCATALOG_COMPILER_APPICON_NAME = "AppIcon-Debug";
				ASSETCATALOG_COMPILER_GLOBAL_ACCENT_COLOR_NAME = AccentColor;
				ASSETCATALOG_COMPILER_WIDGET_BACKGROUND_COLOR_NAME = WidgetBackground;
				CODE_SIGN_ENTITLEMENTS = AIPulseWidgetExtension.entitlements;
				CODE_SIGN_STYLE = Automatic;
				CURRENT_PROJECT_VERSION = 32;
				DEVELOPMENT_TEAM = YUUWV9L8M8;
				GENERATE_INFOPLIST_FILE = YES;
				INFOPLIST_FILE = AIPulseWidget/Info.plist;
				INFOPLIST_KEY_CFBundleDisplayName = "AI Pulse";
				INFOPLIST_KEY_NSHumanReadableCopyright = "";
				IPHONEOS_DEPLOYMENT_TARGET = 17;
				LD_RUNPATH_SEARCH_PATHS = (
					"$(inherited)",
					"@executable_path/Frameworks",
					"@executable_path/../../Frameworks",
				);
				MARKETING_VERSION = 2.0.0;
				PRODUCT_BUNDLE_IDENTIFIER = com.wxy.aipulse.Widget;
				PRODUCT_NAME = "$(TARGET_NAME)";
				SKIP_INSTALL = YES;
				STRING_CATALOG_GENERATE_SYMBOLS = YES;
				SWIFT_APPROACHABLE_CONCURRENCY = YES;
				SWIFT_EMIT_LOC_STRINGS = YES;
				SWIFT_UPCOMING_FEATURE_MEMBER_IMPORT_VISIBILITY = YES;
				SWIFT_VERSION = 5.0;
				TARGETED_DEVICE_FAMILY = "1,2";
			};
			name = Debug;
		};
		C096EA9C3014F1C7004D0062 /* Release */ = {
			isa = XCBuildConfiguration;
			buildSettings = {
				ASSETCATALOG_COMPILER_APPICON_NAME = AppIcon;
				ASSETCATALOG_COMPILER_GLOBAL_ACCENT_COLOR_NAME = AccentColor;
				ASSETCATALOG_COMPILER_WIDGET_BACKGROUND_COLOR_NAME = WidgetBackground;
				CODE_SIGN_ENTITLEMENTS = AIPulseWidgetExtension.entitlements;
				CODE_SIGN_STYLE = Automatic;
				CURRENT_PROJECT_VERSION = 32;
				DEVELOPMENT_TEAM = YUUWV9L8M8;
				GENERATE_INFOPLIST_FILE = YES;
				INFOPLIST_FILE = AIPulseWidget/Info.plist;
				INFOPLIST_KEY_CFBundleDisplayName = "AI Pulse";
				INFOPLIST_KEY_NSHumanReadableCopyright = "";
				IPHONEOS_DEPLOYMENT_TARGET = 17;
				LD_RUNPATH_SEARCH_PATHS = (
					"$(inherited)",
					"@executable_path/Frameworks",
					"@executable_path/../../Frameworks",
				);
				MARKETING_VERSION = 2.0.0;
				PRODUCT_BUNDLE_IDENTIFIER = com.wxy.aipulse.Widget;
				PRODUCT_NAME = "$(TARGET_NAME)";
				SKIP_INSTALL = YES;
				STRING_CATALOG_GENERATE_SYMBOLS = YES;
				SWIFT_APPROACHABLE_CONCURRENCY = YES;
				SWIFT_EMIT_LOC_STRINGS = YES;
				SWIFT_UPCOMING_FEATURE_MEMBER_IMPORT_VISIBILITY = YES;
				SWIFT_VERSION = 5.0;
				TARGETED_DEVICE_FAMILY = "1,2";
			};
			name = Release;
		};
		C0D7702430090D3000BC1E54 /* Debug */ = {
			isa = XCBuildConfiguration;
			buildSettings = {
				ALWAYS_SEARCH_USER_PATHS = NO;
				ASSETCATALOG_COMPILER_GENERATE_SWIFT_ASSET_SYMBOL_EXTENSIONS = YES;
				CLANG_ANALYZER_NONNULL = YES;
				CLANG_ANALYZER_NUMBER_OBJECT_CONVERSION = YES_AGGRESSIVE;
				CLANG_CXX_LANGUAGE_STANDARD = "gnu++20";
				CLANG_ENABLE_MODULES = YES;
				CLANG_ENABLE_OBJC_ARC = YES;
				CLANG_ENABLE_OBJC_WEAK = YES;
				CLANG_WARN_BLOCK_CAPTURE_AUTORELEASING = YES;
				CLANG_WARN_BOOL_CONVERSION = YES;
				CLANG_WARN_COMMA = YES;
				CLANG_WARN_CONSTANT_CONVERSION = YES;
				CLANG_WARN_DEPRECATED_OBJC_IMPLEMENTATIONS = YES;
				CLANG_WARN_DIRECT_OBJC_ISA_USAGE = YES_ERROR;
				CLANG_WARN_DOCUMENTATION_COMMENTS = YES;
				CLANG_WARN_EMPTY_BODY = YES;
				CLANG_WARN_ENUM_CONVERSION = YES;
				CLANG_WARN_INFINITE_RECURSION = YES;
				CLANG_WARN_INT_CONVERSION = YES;
				CLANG_WARN_NON_LITERAL_NULL_CONVERSION = YES;
				CLANG_WARN_OBJC_IMPLICIT_RETAIN_SELF = YES;
				CLANG_WARN_OBJC_LITERAL_CONVERSION = YES;
				CLANG_WARN_OBJC_ROOT_CLASS = YES_ERROR;
				CLANG_WARN_QUOTED_INCLUDE_IN_FRAMEWORK_HEADER = YES;
				CLANG_WARN_RANGE_LOOP_ANALYSIS = YES;
				CLANG_WARN_STRICT_PROTOTYPES = YES;
				CLANG_WARN_SUSPICIOUS_MOVE = YES;
				CLANG_WARN_UNGUARDED_AVAILABILITY = YES_AGGRESSIVE;
				CLANG_WARN_UNREACHABLE_CODE = YES;
				CLANG_WARN__DUPLICATE_METHOD_MATCH = YES;
				COPY_PHASE_STRIP = NO;
				DEBUG_INFORMATION_FORMAT = dwarf;
				DEVELOPMENT_TEAM = YUUWV9L8M8;
				ENABLE_STRICT_OBJC_MSGSEND = YES;
				ENABLE_TESTABILITY = YES;
				ENABLE_USER_SCRIPT_SANDBOXING = YES;
				GCC_C_LANGUAGE_STANDARD = gnu17;
				GCC_DYNAMIC_NO_PIC = NO;
				GCC_NO_COMMON_BLOCKS = YES;
				GCC_OPTIMIZATION_LEVEL = 0;
				GCC_PREPROCESSOR_DEFINITIONS = (
					"DEBUG=1",
					"$(inherited)",
				);
				GCC_WARN_64_TO_32_BIT_CONVERSION = YES;
				GCC_WARN_ABOUT_RETURN_TYPE = YES_ERROR;
				GCC_WARN_UNDECLARED_SELECTOR = YES;
				GCC_WARN_UNINITIALIZED_AUTOS = YES_AGGRESSIVE;
				GCC_WARN_UNUSED_FUNCTION = YES;
				GCC_WARN_UNUSED_VARIABLE = YES;
				IPHONEOS_DEPLOYMENT_TARGET = 17.6;
				LOCALIZATION_PREFERS_STRING_CATALOGS = YES;
				MTL_ENABLE_DEBUG_INFO = INCLUDE_SOURCE;
				MTL_FAST_MATH = YES;
				ONLY_ACTIVE_ARCH = YES;
				SDKROOT = iphoneos;
				STRING_CATALOG_GENERATE_SYMBOLS = YES;
				SWIFT_ACTIVE_COMPILATION_CONDITIONS = "DEBUG $(inherited)";
				SWIFT_OPTIMIZATION_LEVEL = "-Onone";
			};
			name = Debug;
		};
		C0D7702530090D3000BC1E54 /* Release */ = {
			isa = XCBuildConfiguration;
			buildSettings = {
				ALWAYS_SEARCH_USER_PATHS = NO;
				ASSETCATALOG_COMPILER_GENERATE_SWIFT_ASSET_SYMBOL_EXTENSIONS = YES;
				CLANG_ANALYZER_NONNULL = YES;
				CLANG_ANALYZER_NUMBER_OBJECT_CONVERSION = YES_AGGRESSIVE;
				CLANG_CXX_LANGUAGE_STANDARD = "gnu++20";
				CLANG_ENABLE_MODULES = YES;
				CLANG_ENABLE_OBJC_ARC = YES;
				CLANG_ENABLE_OBJC_WEAK = YES;
				CLANG_WARN_BLOCK_CAPTURE_AUTORELEASING = YES;
				CLANG_WARN_BOOL_CONVERSION = YES;
				CLANG_WARN_COMMA = YES;
				CLANG_WARN_CONSTANT_CONVERSION = YES;
				CLANG_WARN_DEPRECATED_OBJC_IMPLEMENTATIONS = YES;
				CLANG_WARN_DIRECT_OBJC_ISA_USAGE = YES_ERROR;
				CLANG_WARN_DOCUMENTATION_COMMENTS = YES;
				CLANG_WARN_EMPTY_BODY = YES;
				CLANG_WARN_ENUM_CONVERSION = YES;
				CLANG_WARN_INFINITE_RECURSION = YES;
				CLANG_WARN_INT_CONVERSION = YES;
				CLANG_WARN_NON_LITERAL_NULL_CONVERSION = YES;
				CLANG_WARN_OBJC_IMPLICIT_RETAIN_SELF = YES;
				CLANG_WARN_OBJC_LITERAL_CONVERSION = YES;
				CLANG_WARN_OBJC_ROOT_CLASS = YES_ERROR;
				CLANG_WARN_QUOTED_INCLUDE_IN_FRAMEWORK_HEADER = YES;
				CLANG_WARN_RANGE_LOOP_ANALYSIS = YES;
				CLANG_WARN_STRICT_PROTOTYPES = YES;
				CLANG_WARN_SUSPICIOUS_MOVE = YES;
				CLANG_WARN_UNGUARDED_AVAILABILITY = YES_AGGRESSIVE;
				CLANG_WARN_UNREACHABLE_CODE = YES;
				CLANG_WARN__DUPLICATE_METHOD_MATCH = YES;
				COPY_PHASE_STRIP = NO;
				DEBUG_INFORMATION_FORMAT = "dwarf-with-dsym";
				DEVELOPMENT_TEAM = YUUWV9L8M8;
				ENABLE_NS_ASSERTIONS = NO;
				ENABLE_STRICT_OBJC_MSGSEND = YES;
				ENABLE_USER_SCRIPT_SANDBOXING = YES;
				GCC_C_LANGUAGE_STANDARD = gnu17;
				GCC_NO_COMMON_BLOCKS = YES;
				GCC_WARN_64_TO_32_BIT_CONVERSION = YES;
				GCC_WARN_ABOUT_RETURN_TYPE = YES_ERROR;
				GCC_WARN_UNDECLARED_SELECTOR = YES;
				GCC_WARN_UNINITIALIZED_AUTOS = YES_AGGRESSIVE;
				GCC_WARN_UNUSED_FUNCTION = YES;
				GCC_WARN_UNUSED_VARIABLE = YES;
				IPHONEOS_DEPLOYMENT_TARGET = 17.6;
				LOCALIZATION_PREFERS_STRING_CATALOGS = YES;
				MTL_ENABLE_DEBUG_INFO = NO;
				MTL_FAST_MATH = YES;
				SDKROOT = iphoneos;
				STRING_CATALOG_GENERATE_SYMBOLS = YES;
				SWIFT_COMPILATION_MODE = wholemodule;
				VALIDATE_PRODUCT = YES;
			};
			name = Release;
		};
		C0D7702730090D3000BC1E54 /* Debug */ = {
			isa = XCBuildConfiguration;
			buildSettings = {
				ASSETCATALOG_COMPILER_APPICON_NAME = "AppIcon-Debug";
				ASSETCATALOG_COMPILER_GLOBAL_ACCENT_COLOR_NAME = AccentColor;
				CODE_SIGN_ENTITLEMENTS = AIPulse_iOS.entitlements;
				CODE_SIGN_STYLE = Automatic;
				CURRENT_PROJECT_VERSION = 32;
				DEVELOPMENT_TEAM = YUUWV9L8M8;
				ENABLE_PREVIEWS = YES;
				GENERATE_INFOPLIST_FILE = NO;
				INFOPLIST_FILE = iOS/Info.plist;
				INFOPLIST_KEY_CFBundleDisplayName = "AI Pulse";
				INFOPLIST_KEY_LSApplicationCategoryType = "public.app-category.developer-tools";
				INFOPLIST_KEY_UIApplicationSceneManifest_Generation = YES;
				INFOPLIST_KEY_UIApplicationSupportsIndirectInputEvents = YES;
				INFOPLIST_KEY_UILaunchScreen_Generation = YES;
				INFOPLIST_KEY_UISupportedInterfaceOrientations_iPad = "UIInterfaceOrientationPortrait UIInterfaceOrientationPortraitUpsideDown UIInterfaceOrientationLandscapeLeft UIInterfaceOrientationLandscapeRight";
				INFOPLIST_KEY_UISupportedInterfaceOrientations_iPhone = "UIInterfaceOrientationPortrait UIInterfaceOrientationLandscapeLeft UIInterfaceOrientationLandscapeRight";
				IPHONEOS_DEPLOYMENT_TARGET = 17.0;
				LD_RUNPATH_SEARCH_PATHS = (
					"$(inherited)",
					"@executable_path/Frameworks",
				);
				MARKETING_VERSION = 2.0.0;
				PRODUCT_BUNDLE_IDENTIFIER = com.wxy.aipulse;
				PRODUCT_NAME = "$(TARGET_NAME)";
				SKIP_INSTALL = NO;
				STRING_CATALOG_GENERATE_SYMBOLS = YES;
				SUPPORTED_PLATFORMS = "iphoneos iphonesimulator";
				SUPPORTS_MACCATALYST = NO;
				SUPPORTS_MAC_DESIGNED_FOR_IPHONE_IPAD = NO;
				SUPPORTS_XR_DESIGNED_FOR_IPHONE_IPAD = NO;
				SWIFT_APPROACHABLE_CONCURRENCY = YES;
				SWIFT_DEFAULT_ACTOR_ISOLATION = MainActor;
				SWIFT_EMIT_LOC_STRINGS = YES;
				SWIFT_UPCOMING_FEATURE_MEMBER_IMPORT_VISIBILITY = YES;
				SWIFT_VERSION = 5.0;
				TARGETED_DEVICE_FAMILY = "1,2";
			};
			name = Debug;
		};
		C0D7702830090D3000BC1E54 /* Release */ = {
			isa = XCBuildConfiguration;
			buildSettings = {
				ASSETCATALOG_COMPILER_APPICON_NAME = AppIcon;
				ASSETCATALOG_COMPILER_GLOBAL_ACCENT_COLOR_NAME = AccentColor;
				CODE_SIGN_ENTITLEMENTS = AIPulse_iOS.entitlements;
				CODE_SIGN_STYLE = Automatic;
				CURRENT_PROJECT_VERSION = 32;
				DEVELOPMENT_TEAM = YUUWV9L8M8;
				ENABLE_PREVIEWS = YES;
				GENERATE_INFOPLIST_FILE = NO;
				INFOPLIST_FILE = iOS/Info.plist;
				INFOPLIST_KEY_CFBundleDisplayName = "AI Pulse";
				INFOPLIST_KEY_LSApplicationCategoryType = "public.app-category.developer-tools";
				INFOPLIST_KEY_UIApplicationSceneManifest_Generation = YES;
				INFOPLIST_KEY_UIApplicationSupportsIndirectInputEvents = YES;
				INFOPLIST_KEY_UILaunchScreen_Generation = YES;
				INFOPLIST_KEY_UISupportedInterfaceOrientations_iPad = "UIInterfaceOrientationPortrait UIInterfaceOrientationPortraitUpsideDown UIInterfaceOrientationLandscapeLeft UIInterfaceOrientationLandscapeRight";
				INFOPLIST_KEY_UISupportedInterfaceOrientations_iPhone = "UIInterfaceOrientationPortrait UIInterfaceOrientationLandscapeLeft UIInterfaceOrientationLandscapeRight";
				IPHONEOS_DEPLOYMENT_TARGET = 17.0;
				LD_RUNPATH_SEARCH_PATHS = (
					"$(inherited)",
					"@executable_path/Frameworks",
				);
				MARKETING_VERSION = 2.0.0;
				PRODUCT_BUNDLE_IDENTIFIER = com.wxy.aipulse;
				PRODUCT_NAME = "$(TARGET_NAME)";
				SKIP_INSTALL = NO;
				STRING_CATALOG_GENERATE_SYMBOLS = YES;
				SUPPORTED_PLATFORMS = "iphoneos iphonesimulator";
				SUPPORTS_MACCATALYST = NO;
				SUPPORTS_MAC_DESIGNED_FOR_IPHONE_IPAD = NO;
				SUPPORTS_XR_DESIGNED_FOR_IPHONE_IPAD = NO;
				SWIFT_APPROACHABLE_CONCURRENCY = YES;
				SWIFT_DEFAULT_ACTOR_ISOLATION = MainActor;
				SWIFT_EMIT_LOC_STRINGS = YES;
				SWIFT_UPCOMING_FEATURE_MEMBER_IMPORT_VISIBILITY = YES;
				SWIFT_VERSION = 5.0;
				TARGETED_DEVICE_FAMILY = "1,2";
			};
			name = Release;
		};
		C0D7702E30090F0600BC1E54 /* Debug */ = {
			isa = XCBuildConfiguration;
			buildSettings = {
				ASSETCATALOG_COMPILER_APPICON_NAME = "AppIcon-Debug";
				ASSETCATALOG_COMPILER_GLOBAL_ACCENT_COLOR_NAME = AccentColor;
				CODE_SIGN_ENTITLEMENTS = AIPulse_watchOS.entitlements;
				CODE_SIGN_STYLE = Automatic;
				CURRENT_PROJECT_VERSION = 32;
				DEVELOPMENT_TEAM = YUUWV9L8M8;
				ENABLE_PREVIEWS = YES;
				GENERATE_INFOPLIST_FILE = NO;
				INFOPLIST_FILE = watchOS/Info.plist;
				INFOPLIST_KEY_CFBundleDisplayName = "AI Pulse";
				INFOPLIST_KEY_LSApplicationCategoryType = "public.app-category.developer-tools";
				INFOPLIST_KEY_UIApplicationSceneManifest_Generation = YES;
				INFOPLIST_KEY_UIApplicationSupportsIndirectInputEvents = YES;
				INFOPLIST_KEY_UILaunchScreen_Generation = YES;
				INFOPLIST_KEY_UISupportedInterfaceOrientations_iPad = "UIInterfaceOrientationPortrait UIInterfaceOrientationPortraitUpsideDown UIInterfaceOrientationLandscapeLeft UIInterfaceOrientationLandscapeRight";
				INFOPLIST_KEY_UISupportedInterfaceOrientations_iPhone = "UIInterfaceOrientationPortrait UIInterfaceOrientationLandscapeLeft UIInterfaceOrientationLandscapeRight";
				LD_RUNPATH_SEARCH_PATHS = (
					"$(inherited)",
					"@executable_path/Frameworks",
				);
				MARKETING_VERSION = 2.0.0;
				PRODUCT_BUNDLE_IDENTIFIER = com.wxy.aipulse.watchkitapp;
				PRODUCT_NAME = "$(TARGET_NAME)";
				SKIP_INSTALL = YES;
				STRING_CATALOG_GENERATE_SYMBOLS = YES;
				SUPPORTED_PLATFORMS = "watchsimulator watchos";
				SUPPORTS_MACCATALYST = NO;
				SUPPORTS_MAC_DESIGNED_FOR_IPHONE_IPAD = NO;
				SUPPORTS_XR_DESIGNED_FOR_IPHONE_IPAD = NO;
				SWIFT_APPROACHABLE_CONCURRENCY = YES;
				SWIFT_DEFAULT_ACTOR_ISOLATION = MainActor;
				SWIFT_EMIT_LOC_STRINGS = YES;
				SWIFT_UPCOMING_FEATURE_MEMBER_IMPORT_VISIBILITY = YES;
				SWIFT_VERSION = 6.0;
				TARGETED_DEVICE_FAMILY = 4;
				WATCHOS_DEPLOYMENT_TARGET = 10.0;
			};
			name = Debug;
		};
		C0D7702F30090F0600BC1E54 /* Release */ = {
			isa = XCBuildConfiguration;
			buildSettings = {
				ASSETCATALOG_COMPILER_APPICON_NAME = AppIcon;
				ASSETCATALOG_COMPILER_GLOBAL_ACCENT_COLOR_NAME = AccentColor;
				CODE_SIGN_ENTITLEMENTS = AIPulse_watchOS.entitlements;
				CODE_SIGN_STYLE = Automatic;
				CURRENT_PROJECT_VERSION = 32;
				DEVELOPMENT_TEAM = YUUWV9L8M8;
				ENABLE_PREVIEWS = YES;
				GENERATE_INFOPLIST_FILE = NO;
				INFOPLIST_FILE = watchOS/Info.plist;
				INFOPLIST_KEY_CFBundleDisplayName = "AI Pulse";
				INFOPLIST_KEY_LSApplicationCategoryType = "public.app-category.developer-tools";
				INFOPLIST_KEY_UIApplicationSceneManifest_Generation = YES;
				INFOPLIST_KEY_UIApplicationSupportsIndirectInputEvents = YES;
				INFOPLIST_KEY_UILaunchScreen_Generation = YES;
				INFOPLIST_KEY_UISupportedInterfaceOrientations_iPad = "UIInterfaceOrientationPortrait UIInterfaceOrientationPortraitUpsideDown UIInterfaceOrientationLandscapeLeft UIInterfaceOrientationLandscapeRight";
				INFOPLIST_KEY_UISupportedInterfaceOrientations_iPhone = "UIInterfaceOrientationPortrait UIInterfaceOrientationLandscapeLeft UIInterfaceOrientationLandscapeRight";
				LD_RUNPATH_SEARCH_PATHS = (
					"$(inherited)",
					"@executable_path/Frameworks",
				);
				MARKETING_VERSION = 2.0.0;
				PRODUCT_BUNDLE_IDENTIFIER = com.wxy.aipulse.watchkitapp;
				PRODUCT_NAME = "$(TARGET_NAME)";
				SKIP_INSTALL = YES;
				STRING_CATALOG_GENERATE_SYMBOLS = YES;
				SUPPORTED_PLATFORMS = "watchsimulator watchos";
				SUPPORTS_MACCATALYST = NO;
				SUPPORTS_MAC_DESIGNED_FOR_IPHONE_IPAD = NO;
				SUPPORTS_XR_DESIGNED_FOR_IPHONE_IPAD = NO;
				SWIFT_APPROACHABLE_CONCURRENCY = YES;
				SWIFT_DEFAULT_ACTOR_ISOLATION = MainActor;
				SWIFT_EMIT_LOC_STRINGS = YES;
				SWIFT_UPCOMING_FEATURE_MEMBER_IMPORT_VISIBILITY = YES;
				SWIFT_VERSION = 6.0;
				TARGETED_DEVICE_FAMILY = 4;
				WATCHOS_DEPLOYMENT_TARGET = 10.0;
			};
			name = Release;
		};
/* End XCBuildConfiguration section */

/* Begin XCConfigurationList section */
		C096EA9D3014F1C7004D0062 /* Build configuration list for PBXNativeTarget "AIPulseWidgetExtension" */ = {
			isa = XCConfigurationList;
			buildConfigurations = (
				C096EA9B3014F1C7004D0062 /* Debug */,
				C096EA9C3014F1C7004D0062 /* Release */,
			);
			defaultConfigurationIsVisible = 0;
			defaultConfigurationName = Release;
		};
		C0D7701630090D2E00BC1E54 /* Build configuration list for PBXProject "AIPulse_Suites" */ = {
			isa = XCConfigurationList;
			buildConfigurations = (
				C0D7702430090D3000BC1E54 /* Debug */,
				C0D7702530090D3000BC1E54 /* Release */,
			);
			defaultConfigurationIsVisible = 0;
			defaultConfigurationName = Release;
		};
		C0D7702630090D3000BC1E54 /* Build configuration list for PBXNativeTarget "AIPulse_iOS" */ = {
			isa = XCConfigurationList;
			buildConfigurations = (
				C0D7702730090D3000BC1E54 /* Debug */,
				C0D7702830090D3000BC1E54 /* Release */,
			);
			defaultConfigurationIsVisible = 0;
			defaultConfigurationName = Release;
		};
		C0D7702D30090F0600BC1E54 /* Build configuration list for PBXNativeTarget "AIPulse_watchOS" */ = {
			isa = XCConfigurationList;
			buildConfigurations = (
				C0D7702E30090F0600BC1E54 /* Debug */,
				C0D7702F30090F0600BC1E54 /* Release */,
			);
			defaultConfigurationIsVisible = 0;
			defaultConfigurationName = Release;
		};
/* End XCConfigurationList section */

/* Begin XCLocalSwiftPackageReference section */
		B94C6D5C79AE479F859E0221 /* XCLocalSwiftPackageReference "../Packages/AIPulseShared" */ = {
			isa = XCLocalSwiftPackageReference;
			relativePath = ../Packages/AIPulseShared;
		};
/* End XCLocalSwiftPackageReference section */

/* Begin XCSwiftPackageProductDependency section */
		1EE7FF464FB6468B8969F3C6 /* AIPulseShared */ = {
			isa = XCSwiftPackageProductDependency;
			package = B94C6D5C79AE479F859E0221 /* XCLocalSwiftPackageReference "../Packages/AIPulseShared" */;
			productName = AIPulseShared;
		};
		6B4AC1157397447497F084ED /* AIPulseShared */ = {
			isa = XCSwiftPackageProductDependency;
			package = B94C6D5C79AE479F859E0221 /* XCLocalSwiftPackageReference "../Packages/AIPulseShared" */;
			productName = AIPulseShared;
		};
		A22C196E89294272AAC893E2 /* AIPulseShared */ = {
			isa = XCSwiftPackageProductDependency;
			package = B94C6D5C79AE479F859E0221 /* XCLocalSwiftPackageReference "../Packages/AIPulseShared" */;
			productName = AIPulseShared;
		};
/* End XCSwiftPackageProductDependency section */
	};
	rootObject = C0D7701330090D2E00BC1E54 /* Project object */;
}
